
Microsoft Visual Studio Solution File, Format Version 12.00
# Visual Studio Version 16
VisualStudioVersion = 16.0.32106.194
MinimumVisualStudioVersion = 10.0.40219.1
Project("{FAE04EC0-301F-11D3-BF4B-00C04F79EFBC}") = "Domain", "Domain\Domain.csproj", "{013A38D4-D510-46EA-B5FD-7AA2ADE44331}"
EndProject
Project("{FAE04EC0-301F-11D3-BF4B-00C04F79EFBC}") = "Infrastructure", "Infrastructure\Infrastructure.csproj", "{72409DAD-3530-4127-B330-CFABE2AD5F7D}"
EndProject
Project("{FAE04EC0-301F-11D3-BF4B-00C04F79EFBC}") = "Application", "Application\Application.csproj", "{85FC19FD-B3C8-43DF-B93C-70B060482AA2}"
EndProject
Project("{FAE04EC0-301F-11D3-BF4B-00C04F79EFBC}") = "WebAPI", "WebAPI\WebAPI.csproj", "{1DD4FC15-02A5-44BC-A1FF-400000E514F9}"
EndProject
Global
	GlobalSection(SolutionConfigurationPlatforms) = preSolution
		Debug|Any CPU = Debug|Any CPU
		Release|Any CPU = Release|Any CPU
	EndGlobalSection
	GlobalSection(ProjectConfigurationPlatforms) = postSolution
		{013A38D4-D510-46EA-B5FD-7AA2ADE44331}.Debug|Any CPU.ActiveCfg = Debug|Any CPU
		{013A38D4-D510-46EA-B5FD-7AA2ADE44331}.Debug|Any CPU.Build.0 = Debug|Any CPU
		{013A38D4-D510-46EA-B5FD-7AA2ADE44331}.Release|Any CPU.ActiveCfg = Release|Any CPU
		{013A38D4-D510-46EA-B5FD-7AA2ADE44331}.Release|Any CPU.Build.0 = Release|Any CPU
		{72409DAD-3530-4127-B330-CFABE2AD5F7D}.Debug|Any CPU.ActiveCfg = Debug|Any CPU
		{72409DAD-3530-4127-B330-CFABE2AD5F7D}.Debug|Any CPU.Build.0 = Debug|Any CPU
		{72409DAD-3530-4127-B330-CFABE2AD5F7D}.Release|Any CPU.ActiveCfg = Release|Any CPU
		{72409DAD-3530-4127-B330-CFABE2AD5F7D}.Release|Any CPU.Build.0 = Release|Any CPU
		{85FC19FD-B3C8-43DF-B93C-70B060482AA2}.Debug|Any CPU.ActiveCfg = Debug|Any CPU
		{85FC19FD-B3C8-43DF-B93C-70B060482AA2}.Debug|Any CPU.Build.0 = Debug|Any CPU
		{85FC19FD-B3C8-43DF-B93C-70B060482AA2}.Release|Any CPU.ActiveCfg = Release|Any CPU
		{85FC19FD-B3C8-43DF-B93C-70B060482AA2}.Release|Any CPU.Build.0 = Release|Any CPU
		{1DD4FC15-02A5-44BC-A1FF-400000E514F9}.Debug|Any CPU.ActiveCfg = Debug|Any CPU
		{1DD4FC15-02A5-44BC-A1FF-400000E514F9}.Debug|Any CPU.Build.0 = Debug|Any CPU
		{1DD4FC15-02A5-44BC-A1FF-400000E514F9}.Release|Any CPU.ActiveCfg = Release|Any CPU
		{1DD4FC15-02A5-44BC-A1FF-400000E514F9}.Release|Any CPU.Build.0 = Release|Any CPU
	EndGlobalSection
	GlobalSection(SolutionProperties) = preSolution
		HideSolutionNode = FALSE
	EndGlobalSection
	GlobalSection(ExtensibilityGlobals) = postSolution
		SolutionGuid = {D129AE6A-5F48-408B-B322-CA13FDB64157}
	EndGlobalSection
EndGlobal
